{
    "_meta": {
        "hash": {
            "sha256": "615cd45c2092d7a7375ec7b607accb8fce2b172d5c7d1f1f121bcb8c8d698fe2"
        },
        "pipfile-spec": 6,
        "requires": {
            "python_version": "3.7"
        },
        "sources": [
            {
                "name": "pypi",
                "url": "https://pypi.org/simple",
                "verify_ssl": true
            }
        ]
    },
    "default": {
        "discord.py": {
            "git": "https://github.com/Rapptz/discord.py.git",
            "ref": "00a659c6526b2445162b52eaf970adbd22c6d35d"
        },
        "jellyfish": {
            "hashes": [
                "sha256:5104e45a2b804b48a46a92a5e6d6e86830fe60ae83b1da32c867402c8f4c2094"
            ],
            "index": "pypi",
            "version": "==0.6.1"
        }
    },
    "develop": {}
}
